<?xml version="1.0" encoding="utf-8"?>
<Project ToolsVersion="4.0" xmlns="http://schemas.microsoft.com/developer/msbuild/2003">
  <ItemGroup>
    <Filter Include="Source Files">
      <UniqueIdentifier>{4FC737F1-C7A5-4376-A066-2A32D752A2FF}</UniqueIdentifier>
      <Extensions>cpp;c;cc;cxx;c++;cppm;ixx;def;odl;idl;hpj;bat;asm;asmx</Extensions>
    </Filter>
    <Filter Include="Header Files">
      <UniqueIdentifier>{93995380-89BD-4b04-88EB-625FBE52EBFB}</UniqueIdentifier>
      <Extensions>h;hh;hpp;hxx;h++;hm;inl;inc;ipp;xsd</Extensions>
    </Filter>
    <Filter Include="Resource Files">
      <UniqueIdentifier>{67DA6AB6-F800-4c08-8B7A-83BB121AAD01}</UniqueIdentifier>
      <Extensions>rc;ico;cur;bmp;dlg;rc2;rct;bin;rgs;gif;jpg;jpeg;jpe;resx;tiff;tif;png;wav;mfcribbon-ms</Extensions>
    </Filter>
    <Filter Include="Header Files\DataTypes">
      <UniqueIdentifier>{7a2a3449-c2b0-49ad-b9b1-2f27d89d93c6}</UniqueIdentifier>
    </Filter>
    <Filter Include="Source Files\DataTypes">
      <UniqueIdentifier>{9fb11b39-a2e2-4ef2-92d4-39293793e374}</UniqueIdentifier>
    </Filter>
    <Filter Include="Header Files\AssessmentCompliance">
      <UniqueIdentifier>{c740a1d5-3b78-48a4-a9a8-4511c3c53caf}</UniqueIdentifier>
    </Filter>
    <Filter Include="Source Files\AssessmentCompliance">
      <UniqueIdentifier>{96e657c4-529c-4564-8595-ecb02b5501ce}</UniqueIdentifier>
    </Filter>
    <Filter Include="Source Files\ConsoleRenderer">
      <UniqueIdentifier>{667cc553-2c8e-43cc-a1b4-06bd2cfb13a6}</UniqueIdentifier>
    </Filter>
    <Filter Include="Header Files\ConsoleRenderer">
      <UniqueIdentifier>{30ac5163-11e7-4815-aa27-9a5edd408aa4}</UniqueIdentifier>
    </Filter>
  </ItemGroup>
  <ItemGroup>
    <ClCompile Include="main.cpp">
      <Filter>Source Files</Filter>
    </ClCompile>
    <ClCompile Include="Player.cpp">
      <Filter>Source Files</Filter>
    </ClCompile>
    <ClCompile Include="Vector2.cpp">
      <Filter>Source Files\DataTypes</Filter>
    </ClCompile>
    <ClCompile Include="Game.cpp">
      <Filter>Source Files</Filter>
    </ClCompile>
    <ClCompile Include="Color.cpp">
      <Filter>Source Files\DataTypes</Filter>
    </ClCompile>
    <ClCompile Include="Texture.cpp">
      <Filter>Source Files\DataTypes</Filter>
    </ClCompile>
    <ClCompile Include="Item.cpp">
      <Filter>Source Files\AssessmentCompliance</Filter>
    </ClCompile>
    <ClCompile Include="BoxOfDonuts.cpp">
      <Filter>Source Files\AssessmentCompliance</Filter>
    </ClCompile>
    <ClCompile Include="Lamp.cpp">
      <Filter>Source Files\AssessmentCompliance</Filter>
    </ClCompile>
    <ClCompile Include="Cat.cpp">
      <Filter>Source Files\AssessmentCompliance</Filter>
    </ClCompile>
    <ClCompile Include="Room.cpp">
      <Filter>Source Files\AssessmentCompliance</Filter>
    </ClCompile>
    <ClCompile Include="ConsoleUtils.cpp">
      <Filter>Source Files\ConsoleRenderer</Filter>
    </ClCompile>
    <ClCompile Include="Raycast.cpp">
      <Filter>Source Files\ConsoleRenderer</Filter>
    </ClCompile>
    <ClCompile Include="Viewport.cpp">
      <Filter>Source Files\ConsoleRenderer</Filter>
    </ClCompile>
    <ClCompile Include="Camera.cpp">
      <Filter>Source Files\ConsoleRenderer</Filter>
    </ClCompile>
    <ClCompile Include="Map.cpp">
      <Filter>Source Files\DataTypes</Filter>
    </ClCompile>
    <ClCompile Include="Sprite.cpp">
      <Filter>Source Files\ConsoleRenderer</Filter>
    </ClCompile>
    <ClCompile Include="MapData.cpp">
      <Filter>Source Files\DataTypes</Filter>
    </ClCompile>
    <ClCompile Include="SpriteData.cpp">
      <Filter>Source Files\DataTypes</Filter>
    </ClCompile>
  </ItemGroup>
  <ItemGroup>
    <ClInclude Include="Map.h">
      <Filter>Header Files</Filter>
    </ClInclude>
    <ClInclude Include="Vector2.h">
      <Filter>Header Files\DataTypes</Filter>
    </ClInclude>
    <ClInclude Include="Player.h">
      <Filter>Header Files</Filter>
    </ClInclude>
    <ClInclude Include="Game.h">
      <Filter>Header Files</Filter>
    </ClInclude>
    <ClInclude Include="Color.h">
      <Filter>Header Files\DataTypes</Filter>
    </ClInclude>
    <ClInclude Include="Texture.h">
      <Filter>Header Files\DataTypes</Filter>
    </ClInclude>
    <ClInclude Include="Tween.h">
      <Filter>Header Files\DataTypes</Filter>
    </ClInclude>
    <ClInclude Include="Item.h">
      <Filter>Header Files\AssessmentCompliance</Filter>
    </ClInclude>
    <ClInclude Include="BoxOfDonuts.h">
      <Filter>Header Files\AssessmentCompliance</Filter>
    </ClInclude>
    <ClInclude Include="Lamp.h">
      <Filter>Header Files\AssessmentCompliance</Filter>
    </ClInclude>
    <ClInclude Include="Cat.h">
      <Filter>Header Files\AssessmentCompliance</Filter>
    </ClInclude>
    <ClInclude Include="Room.h">
      <Filter>Header Files\AssessmentCompliance</Filter>
    </ClInclude>
    <ClInclude Include="Camera.h">
      <Filter>Header Files\ConsoleRenderer</Filter>
    </ClInclude>
    <ClInclude Include="Viewport.h">
      <Filter>Header Files\ConsoleRenderer</Filter>
    </ClInclude>
    <ClInclude Include="Raycast.h">
      <Filter>Header Files\ConsoleRenderer</Filter>
    </ClInclude>
    <ClInclude Include="ConsoleUtils.h">
      <Filter>Header Files\ConsoleRenderer</Filter>
    </ClInclude>
    <ClInclude Include="Sprite.h">
      <Filter>Header Files\ConsoleRenderer</Filter>
    </ClInclude>
    <ClInclude Include="stb_image.h">
      <Filter>Header Files\DataTypes</Filter>
    </ClInclude>
    <ClInclude Include="MapData.h">
      <Filter>Header Files\DataTypes</Filter>
    </ClInclude>
    <ClInclude Include="SpriteData.h">
      <Filter>Header Files\DataTypes</Filter>
    </ClInclude>
  </ItemGroup>
</Project>